<?xml version="1.0" encoding="utf-8"?>
<Project ToolsVersion="4.0" xmlns="http://schemas.microsoft.com/developer/msbuild/2003">
  <ItemGroup>
    <Filter Include="헤더 파일">
      <UniqueIdentifier>{93995380-89BD-4b04-88EB-625FBE52EBFB}</UniqueIdentifier>
      <Extensions>h;hh;hpp;hxx;hm;inl;inc;xsd</Extensions>
    </Filter>
    <Filter Include="리소스 파일">
      <UniqueIdentifier>{67DA6AB6-F800-4c08-8B7A-83BB121AAD01}</UniqueIdentifier>
      <Extensions>rc;ico;cur;bmp;dlg;rc2;rct;bin;rgs;gif;jpg;jpeg;jpe;resx;tiff;tif;png;wav;mfcribbon-ms</Extensions>
    </Filter>
    <Filter Include="ChatServer">
      <UniqueIdentifier>{6db6d971-51b2-4366-949c-8082dde78b8e}</UniqueIdentifier>
    </Filter>
    <Filter Include="소스 파일">
      <UniqueIdentifier>{4FC737F1-C7A5-4376-A066-2A32D752A2FF}</UniqueIdentifier>
      <Extensions>cpp;c;cc;cxx;def;odl;idl;hpj;bat;asm;asmx</Extensions>
    </Filter>
    <Filter Include="Engine">
      <UniqueIdentifier>{ea488a1d-6957-4981-9f58-646c6d74b7de}</UniqueIdentifier>
    </Filter>
  </ItemGroup>
  <ItemGroup>
    <ClCompile Include="Main.cpp">
      <Filter>소스 파일</Filter>
    </ClCompile>
    <ClCompile Include="ChatServer.cpp">
      <Filter>ChatServer</Filter>
    </ClCompile>
    <ClCompile Include="Engine\APIHook.cpp">
      <Filter>리소스 파일</Filter>
    </ClCompile>
    <ClCompile Include="Engine\CProfiler.cpp">
      <Filter>리소스 파일</Filter>
    </ClCompile>
    <ClCompile Include="Engine\CSystemLog.cpp">
      <Filter>리소스 파일</Filter>
    </ClCompile>
    <ClCompile Include="Engine\DBConnector.cpp">
      <Filter>리소스 파일</Filter>
    </ClCompile>
    <ClCompile Include="Engine\DBConnectorTLS.cpp">
      <Filter>리소스 파일</Filter>
    </ClCompile>
    <ClCompile Include="Engine\LanClient.cpp">
      <Filter>리소스 파일</Filter>
    </ClCompile>
    <ClCompile Include="Engine\LanServer.cpp">
      <Filter>리소스 파일</Filter>
    </ClCompile>
    <ClCompile Include="Engine\NetServer.cpp">
      <Filter>리소스 파일</Filter>
    </ClCompile>
    <ClCompile Include="Engine\PacketBuffer.cpp">
      <Filter>리소스 파일</Filter>
    </ClCompile>
    <ClCompile Include="Engine\Parser.cpp">
      <Filter>리소스 파일</Filter>
    </ClCompile>
    <ClCompile Include="Engine\StreamBuffer.cpp">
      <Filter>리소스 파일</Filter>
    </ClCompile>
    <ClCompile Include="ChatLanClient.cpp">
      <Filter>소스 파일</Filter>
    </ClCompile>
  </ItemGroup>
  <ItemGroup>
    <ClInclude Include="CommonProtocol.h">
      <Filter>ChatServer</Filter>
    </ClInclude>
    <ClInclude Include="ChatServer.h">
      <Filter>ChatServer</Filter>
    </ClInclude>
    <ClInclude Include="Common.h">
      <Filter>ChatServer</Filter>
    </ClInclude>
    <ClInclude Include="Engine\APIHook.h">
      <Filter>리소스 파일</Filter>
    </ClInclude>
    <ClInclude Include="Engine\CCrashDump.h">
      <Filter>리소스 파일</Filter>
    </ClInclude>
    <ClInclude Include="Engine\CLockFreeQueue.h">
      <Filter>리소스 파일</Filter>
    </ClInclude>
    <ClInclude Include="Engine\CLockFreeStack.h">
      <Filter>리소스 파일</Filter>
    </ClInclude>
    <ClInclude Include="Engine\CommonInclude.h">
      <Filter>리소스 파일</Filter>
    </ClInclude>
    <ClInclude Include="Engine\CProfiler.h">
      <Filter>리소스 파일</Filter>
    </ClInclude>
    <ClInclude Include="Engine\CSystemLog.h">
      <Filter>리소스 파일</Filter>
    </ClInclude>
    <ClInclude Include="Engine\DBConnector.h">
      <Filter>리소스 파일</Filter>
    </ClInclude>
    <ClInclude Include="Engine\DBConnectorTLS.h">
      <Filter>리소스 파일</Filter>
    </ClInclude>
    <ClInclude Include="Engine\LanClient.h">
      <Filter>리소스 파일</Filter>
    </ClInclude>
    <ClInclude Include="Engine\LanServer.h">
      <Filter>리소스 파일</Filter>
    </ClInclude>
    <ClInclude Include="Engine\MemoryPool.h">
      <Filter>리소스 파일</Filter>
    </ClInclude>
    <ClInclude Include="Engine\MemoryPoolTLS.h">
      <Filter>리소스 파일</Filter>
    </ClInclude>
    <ClInclude Include="Engine\NetServer.h">
      <Filter>리소스 파일</Filter>
    </ClInclude>
    <ClInclude Include="Engine\PacketBuffer.h">
      <Filter>리소스 파일</Filter>
    </ClInclude>
    <ClInclude Include="Engine\Parser.h">
      <Filter>리소스 파일</Filter>
    </ClInclude>
    <ClInclude Include="Engine\Queue.h">
      <Filter>리소스 파일</Filter>
    </ClInclude>
    <ClInclude Include="Engine\StreamBuffer.h">
      <Filter>리소스 파일</Filter>
    </ClInclude>
    <ClInclude Include="Engine\UpdateTime.h">
      <Filter>리소스 파일</Filter>
    </ClInclude>
    <ClInclude Include="ChatLanClient.h">
      <Filter>헤더 파일</Filter>
    </ClInclude>
  </ItemGroup>
  <ItemGroup>
    <None Include="_ChatServer.cnf">
      <Filter>ChatServer</Filter>
    </None>
  </ItemGroup>
</Project>