<?xml version="1.0" encoding="utf-8"?>
<Project ToolsVersion="4.0" xmlns="http://schemas.microsoft.com/developer/msbuild/2003">
  <ItemGroup>
    <Filter Include="Engine">
      <UniqueIdentifier>{673c8ce7-55fb-460a-ab40-dd26b5192296}</UniqueIdentifier>
    </Filter>
  </ItemGroup>
  <ItemGroup>
    <ClInclude Include="Engine\MemoryPoolTLS.h">
      <Filter>Engine</Filter>
    </ClInclude>
    <ClInclude Include="Engine\MMOServer.h">
      <Filter>Engine</Filter>
    </ClInclude>
    <ClInclude Include="Engine\NetServer.h">
      <Filter>Engine</Filter>
    </ClInclude>
    <ClInclude Include="Engine\PacketBuffer.h">
      <Filter>Engine</Filter>
    </ClInclude>
    <ClInclude Include="Engine\Parser.h">
      <Filter>Engine</Filter>
    </ClInclude>
    <ClInclude Include="Engine\Queue.h">
      <Filter>Engine</Filter>
    </ClInclude>
    <ClInclude Include="Engine\StreamBuffer.h">
      <Filter>Engine</Filter>
    </ClInclude>
    <ClInclude Include="Engine\UpdateTime.h">
      <Filter>Engine</Filter>
    </ClInclude>
    <ClInclude Include="Engine\APIHook.h">
      <Filter>Engine</Filter>
    </ClInclude>
    <ClInclude Include="Engine\CCrashDump.h">
      <Filter>Engine</Filter>
    </ClInclude>
    <ClInclude Include="Engine\CLockFreeQueue.h">
      <Filter>Engine</Filter>
    </ClInclude>
    <ClInclude Include="Engine\CLockFreeStack.h">
      <Filter>Engine</Filter>
    </ClInclude>
    <ClInclude Include="Engine\CommonInclude.h">
      <Filter>Engine</Filter>
    </ClInclude>
    <ClInclude Include="Engine\CProfiler.h">
      <Filter>Engine</Filter>
    </ClInclude>
    <ClInclude Include="Engine\CSystemLog.h">
      <Filter>Engine</Filter>
    </ClInclude>
    <ClInclude Include="Engine\DBConnector.h">
      <Filter>Engine</Filter>
    </ClInclude>
    <ClInclude Include="Engine\DBConnectorTLS.h">
      <Filter>Engine</Filter>
    </ClInclude>
    <ClInclude Include="Engine\HttpPost.h">
      <Filter>Engine</Filter>
    </ClInclude>
    <ClInclude Include="Engine\LanClient.h">
      <Filter>Engine</Filter>
    </ClInclude>
    <ClInclude Include="Engine\LanServer.h">
      <Filter>Engine</Filter>
    </ClInclude>
    <ClInclude Include="Engine\MemoryPool.h">
      <Filter>Engine</Filter>
    </ClInclude>
    <ClInclude Include="BattleLanServer.h" />
    <ClInclude Include="MasterServer.h" />
    <ClInclude Include="CommonProtocol.h" />
    <ClInclude Include="MatchLanServer.h" />
  </ItemGroup>
  <ItemGroup>
    <ClCompile Include="Engine\MMOServer.cpp">
      <Filter>Engine</Filter>
    </ClCompile>
    <ClCompile Include="Engine\NetServer.cpp">
      <Filter>Engine</Filter>
    </ClCompile>
    <ClCompile Include="Engine\PacketBuffer.cpp">
      <Filter>Engine</Filter>
    </ClCompile>
    <ClCompile Include="Engine\Parser.cpp">
      <Filter>Engine</Filter>
    </ClCompile>
    <ClCompile Include="Engine\StreamBuffer.cpp">
      <Filter>Engine</Filter>
    </ClCompile>
    <ClCompile Include="Engine\APIHook.cpp">
      <Filter>Engine</Filter>
    </ClCompile>
    <ClCompile Include="Engine\CProfiler.cpp">
      <Filter>Engine</Filter>
    </ClCompile>
    <ClCompile Include="Engine\CSystemLog.cpp">
      <Filter>Engine</Filter>
    </ClCompile>
    <ClCompile Include="Engine\DBConnector.cpp">
      <Filter>Engine</Filter>
    </ClCompile>
    <ClCompile Include="Engine\DBConnectorTLS.cpp">
      <Filter>Engine</Filter>
    </ClCompile>
    <ClCompile Include="Engine\HttpPost.cpp">
      <Filter>Engine</Filter>
    </ClCompile>
    <ClCompile Include="Engine\LanClient.cpp">
      <Filter>Engine</Filter>
    </ClCompile>
    <ClCompile Include="Engine\LanServer.cpp">
      <Filter>Engine</Filter>
    </ClCompile>
    <ClCompile Include="BattleLanServer.cpp" />
    <ClCompile Include="main.cpp" />
    <ClCompile Include="MatchLanServer.cpp" />
    <ClCompile Include="MasterServer.cpp" />
  </ItemGroup>
  <ItemGroup>
    <None Include="_MasterServer.cnf" />
  </ItemGroup>
</Project>