<?xml version="1.0" encoding="utf-8"?>
<Project ToolsVersion="4.0" xmlns="http://schemas.microsoft.com/developer/msbuild/2003">
  <ItemGroup>
    <Filter Include="소스 파일">
      <UniqueIdentifier>{4FC737F1-C7A5-4376-A066-2A32D752A2FF}</UniqueIdentifier>
      <Extensions>cpp;c;cc;cxx;def;odl;idl;hpj;bat;asm;asmx</Extensions>
    </Filter>
    <Filter Include="헤더 파일">
      <UniqueIdentifier>{93995380-89BD-4b04-88EB-625FBE52EBFB}</UniqueIdentifier>
      <Extensions>h;hh;hpp;hxx;hm;inl;inc;xsd</Extensions>
    </Filter>
    <Filter Include="리소스 파일">
      <UniqueIdentifier>{67DA6AB6-F800-4c08-8B7A-83BB121AAD01}</UniqueIdentifier>
      <Extensions>rc;ico;cur;bmp;dlg;rc2;rct;bin;rgs;gif;jpg;jpeg;jpe;resx;tiff;tif;png;wav;mfcribbon-ms</Extensions>
    </Filter>
    <Filter Include="Engine">
      <UniqueIdentifier>{b7c56e6c-2464-4a79-96ca-967b775c691a}</UniqueIdentifier>
    </Filter>
    <Filter Include="BattleServer">
      <UniqueIdentifier>{ee773abc-4726-464f-b56b-decc3edc58c0}</UniqueIdentifier>
    </Filter>
    <Filter Include="ChatServer">
      <UniqueIdentifier>{1e48c4eb-8398-46eb-a654-6b97cfcc76cf}</UniqueIdentifier>
    </Filter>
    <Filter Include="MasterServer">
      <UniqueIdentifier>{1a645351-6777-4b0a-a9a2-37a4a2b9deb4}</UniqueIdentifier>
    </Filter>
    <Filter Include="Player">
      <UniqueIdentifier>{812a0a7f-eb08-434c-8694-9de64cc491d6}</UniqueIdentifier>
    </Filter>
    <Filter Include="Monitoring">
      <UniqueIdentifier>{dc7f81cc-bebc-4933-a997-2056059d506c}</UniqueIdentifier>
    </Filter>
  </ItemGroup>
  <ItemGroup>
    <ClCompile Include="Engine\APIHook.cpp">
      <Filter>Engine</Filter>
    </ClCompile>
    <ClCompile Include="Engine\CProfiler.cpp">
      <Filter>Engine</Filter>
    </ClCompile>
    <ClCompile Include="Engine\CSystemLog.cpp">
      <Filter>Engine</Filter>
    </ClCompile>
    <ClCompile Include="Engine\DBConnector.cpp">
      <Filter>Engine</Filter>
    </ClCompile>
    <ClCompile Include="Engine\DBConnectorTLS.cpp">
      <Filter>Engine</Filter>
    </ClCompile>
    <ClCompile Include="Engine\HttpPost.cpp">
      <Filter>Engine</Filter>
    </ClCompile>
    <ClCompile Include="Engine\LanClient.cpp">
      <Filter>Engine</Filter>
    </ClCompile>
    <ClCompile Include="Engine\LanServer.cpp">
      <Filter>Engine</Filter>
    </ClCompile>
    <ClCompile Include="Engine\MMOServer.cpp">
      <Filter>Engine</Filter>
    </ClCompile>
    <ClCompile Include="Engine\NetServer.cpp">
      <Filter>Engine</Filter>
    </ClCompile>
    <ClCompile Include="Engine\PacketBuffer.cpp">
      <Filter>Engine</Filter>
    </ClCompile>
    <ClCompile Include="Engine\Parser.cpp">
      <Filter>Engine</Filter>
    </ClCompile>
    <ClCompile Include="Engine\StreamBuffer.cpp">
      <Filter>Engine</Filter>
    </ClCompile>
    <ClCompile Include="main.cpp">
      <Filter>소스 파일</Filter>
    </ClCompile>
    <ClCompile Include="BattleServer.cpp">
      <Filter>BattleServer</Filter>
    </ClCompile>
    <ClCompile Include="ChatLanServer.cpp">
      <Filter>ChatServer</Filter>
    </ClCompile>
    <ClCompile Include="MasterLanClient.cpp">
      <Filter>MasterServer</Filter>
    </ClCompile>
    <ClCompile Include="Player.cpp">
      <Filter>Player</Filter>
    </ClCompile>
    <ClCompile Include="ServerProtocol.cpp">
      <Filter>BattleServer</Filter>
    </ClCompile>
    <ClCompile Include="AuthMode.cpp">
      <Filter>BattleServer</Filter>
    </ClCompile>
    <ClCompile Include="GameMode.cpp">
      <Filter>BattleServer</Filter>
    </ClCompile>
    <ClCompile Include="ContentsData.cpp">
      <Filter>BattleServer</Filter>
    </ClCompile>
    <ClCompile Include="Morntoring.cpp">
      <Filter>Monitoring</Filter>
    </ClCompile>
    <ClCompile Include="CpuUsage.cpp">
      <Filter>Monitoring</Filter>
    </ClCompile>
    <ClCompile Include="MornitoringAgent.cpp">
      <Filter>Monitoring</Filter>
    </ClCompile>
  </ItemGroup>
  <ItemGroup>
    <ClInclude Include="Engine\APIHook.h">
      <Filter>Engine</Filter>
    </ClInclude>
    <ClInclude Include="Engine\CCrashDump.h">
      <Filter>Engine</Filter>
    </ClInclude>
    <ClInclude Include="Engine\CLockFreeQueue.h">
      <Filter>Engine</Filter>
    </ClInclude>
    <ClInclude Include="Engine\CLockFreeStack.h">
      <Filter>Engine</Filter>
    </ClInclude>
    <ClInclude Include="Engine\CommonInclude.h">
      <Filter>Engine</Filter>
    </ClInclude>
    <ClInclude Include="Engine\CProfiler.h">
      <Filter>Engine</Filter>
    </ClInclude>
    <ClInclude Include="Engine\CSystemLog.h">
      <Filter>Engine</Filter>
    </ClInclude>
    <ClInclude Include="Engine\DBConnector.h">
      <Filter>Engine</Filter>
    </ClInclude>
    <ClInclude Include="Engine\DBConnectorTLS.h">
      <Filter>Engine</Filter>
    </ClInclude>
    <ClInclude Include="Engine\HttpPost.h">
      <Filter>Engine</Filter>
    </ClInclude>
    <ClInclude Include="Engine\LanClient.h">
      <Filter>Engine</Filter>
    </ClInclude>
    <ClInclude Include="Engine\LanServer.h">
      <Filter>Engine</Filter>
    </ClInclude>
    <ClInclude Include="Engine\MemoryPool.h">
      <Filter>Engine</Filter>
    </ClInclude>
    <ClInclude Include="Engine\MemoryPoolTLS.h">
      <Filter>Engine</Filter>
    </ClInclude>
    <ClInclude Include="Engine\NetServer.h">
      <Filter>Engine</Filter>
    </ClInclude>
    <ClInclude Include="Engine\MMOServer.h">
      <Filter>Engine</Filter>
    </ClInclude>
    <ClInclude Include="Engine\PacketBuffer.h">
      <Filter>Engine</Filter>
    </ClInclude>
    <ClInclude Include="Engine\Parser.h">
      <Filter>Engine</Filter>
    </ClInclude>
    <ClInclude Include="Engine\StreamBuffer.h">
      <Filter>Engine</Filter>
    </ClInclude>
    <ClInclude Include="Engine\Queue.h">
      <Filter>Engine</Filter>
    </ClInclude>
    <ClInclude Include="Engine\UpdateTime.h">
      <Filter>Engine</Filter>
    </ClInclude>
    <ClInclude Include="CommonProtocol.h">
      <Filter>헤더 파일</Filter>
    </ClInclude>
    <ClInclude Include="BattleServer.h">
      <Filter>BattleServer</Filter>
    </ClInclude>
    <ClInclude Include="ChatLanServer.h">
      <Filter>ChatServer</Filter>
    </ClInclude>
    <ClInclude Include="MasterLanClient.h">
      <Filter>MasterServer</Filter>
    </ClInclude>
    <ClInclude Include="Player.h">
      <Filter>Player</Filter>
    </ClInclude>
    <ClInclude Include="ContentsData.h">
      <Filter>BattleServer</Filter>
    </ClInclude>
    <ClInclude Include="Morntoring.h">
      <Filter>Monitoring</Filter>
    </ClInclude>
    <ClInclude Include="CpuUsage.h">
      <Filter>Monitoring</Filter>
    </ClInclude>
    <ClInclude Include="MornitoringAgent.h">
      <Filter>Monitoring</Filter>
    </ClInclude>
  </ItemGroup>
  <ItemGroup>
    <None Include="_BattleServer.cnf" />
  </ItemGroup>
</Project>